github.com/sydneyshile/go-difference-check v0.3.0 h1:C3UCXiXYGzmnoLbcahfX9iSRhjjsvc1K/a8F6hzB0UQ=
github.com/sydneyshile/go-difference-check v0.3.0/go.mod h1:yRf0a/RUeYb7sDiwQzNCqoPj5ssbsRQVRdLJkGenTxM=
github.com/sydneyshile/go-difference-check v0.4.0 h1:iWa9XT2Yr8ROnTaTvJGcShVIcCXy5F7DEfJZpLUEyTw=
github.com/sydneyshile/go-difference-check v0.4.0/go.mod h1:yRf0a/RUeYb7sDiwQzNCqoPj5ssbsRQVRdLJkGenTxM=
